// !$*UTF8*$!
{
	archiveVersion = 1;
	classes = {
	};
	objectVersion = 50;
	objects = {

/* Begin PBXBuildFile section */
		BF29284F214B59E2008F4921 /* AppDelegate.swift in Sources */ = {isa = PBXBuildFile; fileRef = BF29284E214B59E2008F4921 /* AppDelegate.swift */; };
		BF292854214B59E2008F4921 /* Main.storyboard in Resources */ = {isa = PBXBuildFile; fileRef = BF292852214B59E2008F4921 /* Main.storyboard */; };
		BF292857214B59E2008F4921 /* Journey.xcdatamodeld in Sources */ = {isa = PBXBuildFile; fileRef = BF292855214B59E2008F4921 /* Journey.xcdatamodeld */; };
		BF292859214B59E8008F4921 /* Assets.xcassets in Resources */ = {isa = PBXBuildFile; fileRef = BF292858214B59E8008F4921 /* Assets.xcassets */; };
		BF29285C214B59E8008F4921 /* LaunchScreen.storyboard in Resources */ = {isa = PBXBuildFile; fileRef = BF29285A214B59E8008F4921 /* LaunchScreen.storyboard */; };
		BF292866214B60D4008F4921 /* JourneyViewController.swift in Sources */ = {isa = PBXBuildFile; fileRef = BF292865214B60D4008F4921 /* JourneyViewController.swift */; };
		BF29286A214B66D2008F4921 /* JourneysTableViewCell.swift in Sources */ = {isa = PBXBuildFile; fileRef = BF292868214B66D2008F4921 /* JourneysTableViewCell.swift */; };
		BF29286B214B66D2008F4921 /* JourneysTableViewCell.xib in Resources */ = {isa = PBXBuildFile; fileRef = BF292869214B66D2008F4921 /* JourneysTableViewCell.xib */; };
		BF29286E214B7263008F4921 /* AddNewJourneyViewController.swift in Sources */ = {isa = PBXBuildFile; fileRef = BF29286D214B7263008F4921 /* AddNewJourneyViewController.swift */; };
/* End PBXBuildFile section */

/* Begin PBXFileReference section */
		BF29284B214B59E2008F4921 /* Journey.app */ = {isa = PBXFileReference; explicitFileType = wrapper.application; includeInIndex = 0; path = Journey.app; sourceTree = BUILT_PRODUCTS_DIR; };
		BF29284E214B59E2008F4921 /* AppDelegate.swift */ = {isa = PBXFileReference; lastKnownFileType = sourcecode.swift; path = AppDelegate.swift; sourceTree = "<group>"; };
		BF292853214B59E2008F4921 /* Base */ = {isa = PBXFileReference; lastKnownFileType = file.storyboard; name = Base; path = Base.lproj/Main.storyboard; sourceTree = "<group>"; };
		BF292856214B59E2008F4921 /* Journey.xcdatamodel */ = {isa = PBXFileReference; lastKnownFileType = wrapper.xcdatamodel; path = Journey.xcdatamodel; sourceTree = "<group>"; };
		BF292858214B59E8008F4921 /* Assets.xcassets */ = {isa = PBXFileReference; lastKnownFileType = folder.assetcatalog; path = Assets.xcassets; sourceTree = "<group>"; };
		BF29285B214B59E8008F4921 /* Base */ = {isa = PBXFileReference; lastKnownFileType = file.storyboard; name = Base; path = Base.lproj/LaunchScreen.storyboard; sourceTree = "<group>"; };
		BF29285D214B59E8008F4921 /* Info.plist */ = {isa = PBXFileReference; lastKnownFileType = text.plist.xml; path = Info.plist; sourceTree = "<group>"; };
		BF292865214B60D4008F4921 /* JourneyViewController.swift */ = {isa = PBXFileReference; lastKnownFileType = sourcecode.swift; path = JourneyViewController.swift; sourceTree = "<group>"; };
		BF292868214B66D2008F4921 /* JourneysTableViewCell.swift */ = {isa = PBXFileReference; lastKnownFileType = sourcecode.swift; path = JourneysTableViewCell.swift; sourceTree = "<group>"; };
		BF292869214B66D2008F4921 /* JourneysTableViewCell.xib */ = {isa = PBXFileReference; lastKnownFileType = file.xib; path = JourneysTableViewCell.xib; sourceTree = "<group>"; };
		BF29286D214B7263008F4921 /* AddNewJourneyViewController.swift */ = {isa = PBXFileReference; lastKnownFileType = sourcecode.swift; path = AddNewJourneyViewController.swift; sourceTree = "<group>"; };
/* End PBXFileReference section */

/* Begin PBXFrameworksBuildPhase section */
		BF292848214B59E2008F4921 /* Frameworks */ = {
			isa = PBXFrameworksBuildPhase;
			buildActionMask = 2147483647;
			files = (
			);
			runOnlyForDeploymentPostprocessing = 0;
		};
/* End PBXFrameworksBuildPhase section */

/* Begin PBXGroup section */
		BF292842214B59E1008F4921 = {
			isa = PBXGroup;
			children = (
				BF29284D214B59E2008F4921 /* Journey */,
				BF29284C214B59E2008F4921 /* Products */,
			);
			sourceTree = "<group>";
		};
		BF29284C214B59E2008F4921 /* Products */ = {
			isa = PBXGroup;
			children = (
				BF29284B214B59E2008F4921 /* Journey.app */,
			);
			name = Products;
			sourceTree = "<group>";
		};
		BF29284D214B59E2008F4921 /* Journey */ = {
			isa = PBXGroup;
			children = (
				BF29284E214B59E2008F4921 /* AppDelegate.swift */,
				BF292852214B59E2008F4921 /* Main.storyboard */,
				BF292864214B6098008F4921 /* JourneyVC */,
				BF29286C214B71EF008F4921 /* AddNewJourney */,
				BF292858214B59E8008F4921 /* Assets.xcassets */,
				BF29285A214B59E8008F4921 /* LaunchScreen.storyboard */,
				BF29285D214B59E8008F4921 /* Info.plist */,
				BF292855214B59E2008F4921 /* Journey.xcdatamodeld */,
			);
			path = Journey;
			sourceTree = "<group>";
		};
		BF292864214B6098008F4921 /* JourneyVC */ = {
			isa = PBXGroup;
			children = (
				BF292865214B60D4008F4921 /* JourneyViewController.swift */,
				BF292867214B65F5008F4921 /* JourneysTableCell */,
			);
			path = JourneyVC;
			sourceTree = "<group>";
		};
		BF292867214B65F5008F4921 /* JourneysTableCell */ = {
			isa = PBXGroup;
			children = (
				BF292868214B66D2008F4921 /* JourneysTableViewCell.swift */,
				BF292869214B66D2008F4921 /* JourneysTableViewCell.xib */,
			);
			path = JourneysTableCell;
			sourceTree = "<group>";
		};
		BF29286C214B71EF008F4921 /* AddNewJourney */ = {
			isa = PBXGroup;
			children = (
				BF29286D214B7263008F4921 /* AddNewJourneyViewController.swift */,
			);
			path = AddNewJourney;
			sourceTree = "<group>";
		};
/* End PBXGroup section */

/* Begin PBXNativeTarget section */
		BF29284A214B59E2008F4921 /* Journey */ = {
			isa = PBXNativeTarget;
			buildConfigurationList = BF292860214B59E8008F4921 /* Build configuration list for PBXNativeTarget "Journey" */;
			buildPhases = (
				BF292847214B59E2008F4921 /* Sources */,
				BF292848214B59E2008F4921 /* Frameworks */,
				BF292849214B59E2008F4921 /* Resources */,
				BF292863214B5D7F008F4921 /* SwiftLint */,
			);
			buildRules = (
			);
			dependencies = (
			);
			name = Journey;
			productName = Journey;
			productReference = BF29284B214B59E2008F4921 /* Journey.app */;
			productType = "com.apple.product-type.application";
		};
/* End PBXNativeTarget section */

/* Begin PBXProject section */
		BF292843214B59E1008F4921 /* Project object */ = {
			isa = PBXProject;
			attributes = {
				LastSwiftUpdateCheck = 0940;
				LastUpgradeCheck = 0940;
				ORGANIZATIONNAME = "chang-che-wei";
				TargetAttributes = {
					BF29284A214B59E2008F4921 = {
						CreatedOnToolsVersion = 9.4.1;
					};
				};
			};
			buildConfigurationList = BF292846214B59E1008F4921 /* Build configuration list for PBXProject "Journey" */;
			compatibilityVersion = "Xcode 9.3";
			developmentRegion = en;
			hasScannedForEncodings = 0;
			knownRegions = (
				en,
				Base,
			);
			mainGroup = BF292842214B59E1008F4921;
			productRefGroup = BF29284C214B59E2008F4921 /* Products */;
			projectDirPath = "";
			projectRoot = "";
			targets = (
				BF29284A214B59E2008F4921 /* Journey */,
			);
		};
/* End PBXProject section */

/* Begin PBXResourcesBuildPhase section */
		BF292849214B59E2008F4921 /* Resources */ = {
			isa = PBXResourcesBuildPhase;
			buildActionMask = 2147483647;
			files = (
				BF29286B214B66D2008F4921 /* JourneysTableViewCell.xib in Resources */,
				BF29285C214B59E8008F4921 /* LaunchScreen.storyboard in Resources */,
				BF292859214B59E8008F4921 /* Assets.xcassets in Resources */,
				BF292854214B59E2008F4921 /* Main.storyboard in Resources */,
			);
			runOnlyForDeploymentPostprocessing = 0;
		};
/* End PBXResourcesBuildPhase section */

/* Begin PBXShellScriptBuildPhase section */
		BF292863214B5D7F008F4921 /* SwiftLint */ = {
			isa = PBXShellScriptBuildPhase;
			buildActionMask = 2147483647;
			files = (
			);
			inputPaths = (
			);
			name = SwiftLint;
			outputPaths = (
			);
			runOnlyForDeploymentPostprocessing = 0;
			shellPath = /bin/sh;
			shellScript = "if which swiftlint >/dev/null; then\nswiftlint\nelse\necho \"warning: SwiftLint not installed, download from https://github.com/realm/SwiftLint\"\nfi";
		};
/* End PBXShellScriptBuildPhase section */

/* Begin PBXSourcesBuildPhase section */
		BF292847214B59E2008F4921 /* Sources */ = {
			isa = PBXSourcesBuildPhase;
			buildActionMask = 2147483647;
			files = (
				BF29286A214B66D2008F4921 /* JourneysTableViewCell.swift in Sources */,
				BF29286E214B7263008F4921 /* AddNewJourneyViewController.swift in Sources */,
				BF292857214B59E2008F4921 /* Journey.xcdatamodeld in Sources */,
				BF29284F214B59E2008F4921 /* AppDelegate.swift in Sources */,
				BF292866214B60D4008F4921 /* JourneyViewController.swift in Sources */,
			);
			runOnlyForDeploymentPostprocessing = 0;
		};
/* End PBXSourcesBuildPhase section */

/* Begin PBXVariantGroup section */
		BF292852214B59E2008F4921 /* Main.storyboard */ = {
			isa = PBXVariantGroup;
			children = (
				BF292853214B59E2008F4921 /* Base */,
			);
			name = Main.storyboard;
			sourceTree = "<group>";
		};
		BF29285A214B59E8008F4921 /* LaunchScreen.storyboard */ = {
			isa = PBXVariantGroup;
			children = (
				BF29285B214B59E8008F4921 /* Base */,
			);
			name = LaunchScreen.storyboard;
			sourceTree = "<group>";
		};
/* End PBXVariantGroup section */

/* Begin XCBuildConfiguration section */
		BF29285E214B59E8008F4921 /* Debug */ = {
			isa = XCBuildConfiguration;
			buildSettings = {
				ALWAYS_SEARCH_USER_PATHS = NO;
				CLANG_ANALYZER_NONNULL = YES;
				CLANG_ANALYZER_NUMBER_OBJECT_CONVERSION = YES_AGGRESSIVE;
				CLANG_CXX_LANGUAGE_STANDARD = "gnu++14";
				CLANG_CXX_LIBRARY = "libc++";
				CLANG_ENABLE_MODULES = YES;
				CLANG_ENABLE_OBJC_ARC = YES;
				CLANG_ENABLE_OBJC_WEAK = YES;
				CLANG_WARN_BLOCK_CAPTURE_AUTORELEASING = YES;
				CLANG_WARN_BOOL_CONVERSION = YES;
				CLANG_WARN_COMMA = YES;
				CLANG_WARN_CONSTANT_CONVERSION = YES;
				CLANG_WARN_DEPRECATED_OBJC_IMPLEMENTATIONS = YES;
				CLANG_WARN_DIRECT_OBJC_ISA_USAGE = YES_ERROR;
				CLANG_WARN_DOCUMENTATION_COMMENTS = YES;
				CLANG_WARN_EMPTY_BODY = YES;
				CLANG_WARN_ENUM_CONVERSION = YES;
				CLANG_WARN_INFINITE_RECURSION = YES;
				CLANG_WARN_INT_CONVERSION = YES;
				CLANG_WARN_NON_LITERAL_NULL_CONVERSION = YES;
				CLANG_WARN_OBJC_IMPLICIT_RETAIN_SELF = YES;
				CLANG_WARN_OBJC_LITERAL_CONVERSION = YES;
				CLANG_WARN_OBJC_ROOT_CLASS = YES_ERROR;
				CLANG_WARN_RANGE_LOOP_ANALYSIS = YES;
				CLANG_WARN_STRICT_PROTOTYPES = YES;
				CLANG_WARN_SUSPICIOUS_MOVE = YES;
				CLANG_WARN_UNGUARDED_AVAILABILITY = YES_AGGRESSIVE;
				CLANG_WARN_UNREACHABLE_CODE = YES;
				CLANG_WARN__DUPLICATE_METHOD_MATCH = YES;
				CODE_SIGN_IDENTITY = "iPhone Developer";
				COPY_PHASE_STRIP = NO;
				DEBUG_INFORMATION_FORMAT = dwarf;
				ENABLE_STRICT_OBJC_MSGSEND = YES;
				ENABLE_TESTABILITY = YES;
				GCC_C_LANGUAGE_STANDARD = gnu11;
				GCC_DYNAMIC_NO_PIC = NO;
				GCC_NO_COMMON_BLOCKS = YES;
				GCC_OPTIMIZATION_LEVEL = 0;
				GCC_PREPROCESSOR_DEFINITIONS = (
					"DEBUG=1",
					"$(inherited)",
				);
				GCC_WARN_64_TO_32_BIT_CONVERSION = YES;
				GCC_WARN_ABOUT_RETURN_TYPE = YES_ERROR;
				GCC_WARN_UNDECLARED_SELECTOR = YES;
				GCC_WARN_UNINITIALIZED_AUTOS = YES_AGGRESSIVE;
				GCC_WARN_UNUSED_FUNCTION = YES;
				GCC_WARN_UNUSED_VARIABLE = YES;
				IPHONEOS_DEPLOYMENT_TARGET = 11.4;
				MTL_ENABLE_DEBUG_INFO = YES;
				ONLY_ACTIVE_ARCH = YES;
				SDKROOT = iphoneos;
				SWIFT_ACTIVE_COMPILATION_CONDITIONS = DEBUG;
				SWIFT_OPTIMIZATION_LEVEL = "-Onone";
			};
			name = Debug;
		};
		BF29285F214B59E8008F4921 /* Release */ = {
			isa = XCBuildConfiguration;
			buildSettings = {
				ALWAYS_SEARCH_USER_PATHS = NO;
				CLANG_ANALYZER_NONNULL = YES;
				CLANG_ANALYZER_NUMBER_OBJECT_CONVERSION = YES_AGGRESSIVE;
				CLANG_CXX_LANGUAGE_STANDARD = "gnu++14";
				CLANG_CXX_LIBRARY = "libc++";
				CLANG_ENABLE_MODULES = YES;
				CLANG_ENABLE_OBJC_ARC = YES;
				CLANG_ENABLE_OBJC_WEAK = YES;
				CLANG_WARN_BLOCK_CAPTURE_AUTORELEASING = YES;
				CLANG_WARN_BOOL_CONVERSION = YES;
				CLANG_WARN_COMMA = YES;
				CLANG_WARN_CONSTANT_CONVERSION = YES;
				CLANG_WARN_DEPRECATED_OBJC_IMPLEMENTATIONS = YES;
				CLANG_WARN_DIRECT_OBJC_ISA_USAGE = YES_ERROR;
				CLANG_WARN_DOCUMENTATION_COMMENTS = YES;
				CLANG_WARN_EMPTY_BODY = YES;
				CLANG_WARN_ENUM_CONVERSION = YES;
				CLANG_WARN_INFINITE_RECURSION = YES;
				CLANG_WARN_INT_CONVERSION = YES;
				CLANG_WARN_NON_LITERAL_NULL_CONVERSION = YES;
				CLANG_WARN_OBJC_IMPLICIT_RETAIN_SELF = YES;
				CLANG_WARN_OBJC_LITERAL_CONVERSION = YES;
				CLANG_WARN_OBJC_ROOT_CLASS = YES_ERROR;
				CLANG_WARN_RANGE_LOOP_ANALYSIS = YES;
				CLANG_WARN_STRICT_PROTOTYPES = YES;
				CLANG_WARN_SUSPICIOUS_MOVE = YES;
				CLANG_WARN_UNGUARDED_AVAILABILITY = YES_AGGRESSIVE;
				CLANG_WARN_UNREACHABLE_CODE = YES;
				CLANG_WARN__DUPLICATE_METHOD_MATCH = YES;
				CODE_SIGN_IDENTITY = "iPhone Developer";
				COPY_PHASE_STRIP = NO;
				DEBUG_INFORMATION_FORMAT = "dwarf-with-dsym";
				ENABLE_NS_ASSERTIONS = NO;
				ENABLE_STRICT_OBJC_MSGSEND = YES;
				GCC_C_LANGUAGE_STANDARD = gnu11;
				GCC_NO_COMMON_BLOCKS = YES;
				GCC_WARN_64_TO_32_BIT_CONVERSION = YES;
				GCC_WARN_ABOUT_RETURN_TYPE = YES_ERROR;
				GCC_WARN_UNDECLARED_SELECTOR = YES;
				GCC_WARN_UNINITIALIZED_AUTOS = YES_AGGRESSIVE;
				GCC_WARN_UNUSED_FUNCTION = YES;
				GCC_WARN_UNUSED_VARIABLE = YES;
				IPHONEOS_DEPLOYMENT_TARGET = 11.4;
				MTL_ENABLE_DEBUG_INFO = NO;
				SDKROOT = iphoneos;
				SWIFT_COMPILATION_MODE = wholemodule;
				SWIFT_OPTIMIZATION_LEVEL = "-O";
				VALIDATE_PRODUCT = YES;
			};
			name = Release;
		};
		BF292861214B59E8008F4921 /* Debug */ = {
			isa = XCBuildConfiguration;
			buildSettings = {
				ASSETCATALOG_COMPILER_APPICON_NAME = AppIcon;
				CODE_SIGN_STYLE = Automatic;
				DEVELOPMENT_TEAM = R3FWJUGAS6;
				INFOPLIST_FILE = Journey/Info.plist;
				LD_RUNPATH_SEARCH_PATHS = (
					"$(inherited)",
					"@executable_path/Frameworks",
				);
				PRODUCT_BUNDLE_IDENTIFIER = IOS.Journey;
				PRODUCT_NAME = "$(TARGET_NAME)";
				SWIFT_VERSION = 4.0;
				TARGETED_DEVICE_FAMILY = "1,2";
			};
			name = Debug;
		};
		BF292862214B59E8008F4921 /* Release */ = {
			isa = XCBuildConfiguration;
			buildSettings = {
				ASSETCATALOG_COMPILER_APPICON_NAME = AppIcon;
				CODE_SIGN_STYLE = Automatic;
				DEVELOPMENT_TEAM = R3FWJUGAS6;
				INFOPLIST_FILE = Journey/Info.plist;
				LD_RUNPATH_SEARCH_PATHS = (
					"$(inherited)",
					"@executable_path/Frameworks",
				);
				PRODUCT_BUNDLE_IDENTIFIER = IOS.Journey;
				PRODUCT_NAME = "$(TARGET_NAME)";
				SWIFT_VERSION = 4.0;
				TARGETED_DEVICE_FAMILY = "1,2";
			};
			name = Release;
		};
/* End XCBuildConfiguration section */

/* Begin XCConfigurationList section */
		BF292846214B59E1008F4921 /* Build configuration list for PBXProject "Journey" */ = {
			isa = XCConfigurationList;
			buildConfigurations = (
				BF29285E214B59E8008F4921 /* Debug */,
				BF29285F214B59E8008F4921 /* Release */,
			);
			defaultConfigurationIsVisible = 0;
			defaultConfigurationName = Release;
		};
		BF292860214B59E8008F4921 /* Build configuration list for PBXNativeTarget "Journey" */ = {
			isa = XCConfigurationList;
			buildConfigurations = (
				BF292861214B59E8008F4921 /* Debug */,
				BF292862214B59E8008F4921 /* Release */,
			);
			defaultConfigurationIsVisible = 0;
			defaultConfigurationName = Release;
		};
/* End XCConfigurationList section */

/* Begin XCVersionGroup section */
		BF292855214B59E2008F4921 /* Journey.xcdatamodeld */ = {
			isa = XCVersionGroup;
			children = (
				BF292856214B59E2008F4921 /* Journey.xcdatamodel */,
			);
			currentVersion = BF292856214B59E2008F4921 /* Journey.xcdatamodel */;
			path = Journey.xcdatamodeld;
			sourceTree = "<group>";
			versionGroupType = wrapper.xcdatamodel;
		};
/* End XCVersionGroup section */
	};
	rootObject = BF292843214B59E1008F4921 /* Project object */;
}
